
Microsoft Visual Studio Solution File, Format Version 12.00
# Visual Studio Version 16
VisualStudioVersion = 16.0.29709.97
MinimumVisualStudioVersion = 10.0.40219.1
Project("{FAE04EC0-301F-11D3-BF4B-00C04F79EFBC}") = "ScraperApp", "ScraperApp\ScraperApp.csproj", "{36555D2E-2217-4C1B-97AF-A2B282326AFD}"
EndProject
Global
	GlobalSection(SolutionConfigurationPlatforms) = preSolution
		Debug|Any CPU = Debug|Any CPU
		Release|Any CPU = Release|Any CPU
	EndGlobalSection
	GlobalSection(ProjectConfigurationPlatforms) = postSolution
		{36555D2E-2217-4C1B-97AF-A2B282326AFD}.Debug|Any CPU.ActiveCfg = Debug|Any CPU
		{36555D2E-2217-4C1B-97AF-A2B282326AFD}.Debug|Any CPU.Build.0 = Debug|Any CPU
		{36555D2E-2217-4C1B-97AF-A2B282326AFD}.Release|Any CPU.ActiveCfg = Release|Any CPU
		{36555D2E-2217-4C1B-97AF-A2B282326AFD}.Release|Any CPU.Build.0 = Release|Any CPU
	EndGlobalSection
	GlobalSection(SolutionProperties) = preSolution
		HideSolutionNode = FALSE
	EndGlobalSection
	GlobalSection(ExtensibilityGlobals) = postSolution
		SolutionGuid = {7ADFFBF2-B76C-4276-AC39-EC83A90EC344}
	EndGlobalSection
EndGlobal
